
Microsoft Visual Studio Solution File, Format Version 12.00
# Visual Studio Version 17
VisualStudioVersion = 17.6.33829.357
MinimumVisualStudioVersion = 10.0.40219.1
Project("{FAE04EC0-301F-11D3-BF4B-00C04F79EFBC}") = "ComputeAverageApp", "ComputeAverageApp\ComputeAverageApp.csproj", "{B8DC9E36-0531-42D6-B10C-4F1E3DAF0A38}"
EndProject
Global
	GlobalSection(SolutionConfigurationPlatforms) = preSolution
		Debug|Any CPU = Debug|Any CPU
		Release|Any CPU = Release|Any CPU
	EndGlobalSection
	GlobalSection(ProjectConfigurationPlatforms) = postSolution
		{B8DC9E36-0531-42D6-B10C-4F1E3DAF0A38}.Debug|Any CPU.ActiveCfg = Debug|Any CPU
		{B8DC9E36-0531-42D6-B10C-4F1E3DAF0A38}.Debug|Any CPU.Build.0 = Debug|Any CPU
		{B8DC9E36-0531-42D6-B10C-4F1E3DAF0A38}.Release|Any CPU.ActiveCfg = Release|Any CPU
		{B8DC9E36-0531-42D6-B10C-4F1E3DAF0A38}.Release|Any CPU.Build.0 = Release|Any CPU
	EndGlobalSection
	GlobalSection(SolutionProperties) = preSolution
		HideSolutionNode = FALSE
	EndGlobalSection
	GlobalSection(ExtensibilityGlobals) = postSolution
		SolutionGuid = {1B69E9DF-5909-4C1B-95B9-A8CAA9F3CEF0}
	EndGlobalSection
EndGlobal
